// !$*UTF8*$!
{
	archiveVersion = 1;
	classes = {
	};
	objectVersion = 46;
	objects = {

/* Begin PBXBuildFile section */
		D026FF2F1E1BAE77001CFFE0 /* btn.wav in Resources */ = {isa = PBXBuildFile; fileRef = D026FF2E1E1BAE77001CFFE0 /* btn.wav */; };
		D0E4D65F1E05CC5C0047A495 /* AppDelegate.swift in Sources */ = {isa = PBXBuildFile; fileRef = D0E4D65E1E05CC5C0047A495 /* AppDelegate.swift */; };
		D0E4D6611E05CC5C0047A495 /* ViewController.swift in Sources */ = {isa = PBXBuildFile; fileRef = D0E4D6601E05CC5C0047A495 /* ViewController.swift */; };
		D0E4D6641E05CC5C0047A495 /* Main.storyboard in Resources */ = {isa = PBXBuildFile; fileRef = D0E4D6621E05CC5C0047A495 /* Main.storyboard */; };
		D0E4D6661E05CC5C0047A495 /* Assets.xcassets in Resources */ = {isa = PBXBuildFile; fileRef = D0E4D6651E05CC5C0047A495 /* Assets.xcassets */; };
		D0E4D6691E05CC5C0047A495 /* LaunchScreen.storyboard in Resources */ = {isa = PBXBuildFile; fileRef = D0E4D6671E05CC5C0047A495 /* LaunchScreen.storyboard */; };
/* End PBXBuildFile section */

/* Begin PBXFileReference section */
		D026FF2E1E1BAE77001CFFE0 /* btn.wav */ = {isa = PBXFileReference; lastKnownFileType = audio.wav; path = btn.wav; sourceTree = "<group>"; };
		D0E4D65B1E05CC5C0047A495 /* steampunkCalc.app */ = {isa = PBXFileReference; explicitFileType = wrapper.application; includeInIndex = 0; path = steampunkCalc.app; sourceTree = BUILT_PRODUCTS_DIR; };
		D0E4D65E1E05CC5C0047A495 /* AppDelegate.swift */ = {isa = PBXFileReference; lastKnownFileType = sourcecode.swift; path = AppDelegate.swift; sourceTree = "<group>"; };
		D0E4D6601E05CC5C0047A495 /* ViewController.swift */ = {isa = PBXFileReference; lastKnownFileType = sourcecode.swift; path = ViewController.swift; sourceTree = "<group>"; };
		D0E4D6631E05CC5C0047A495 /* Base */ = {isa = PBXFileReference; lastKnownFileType = file.storyboard; name = Base; path = Base.lproj/Main.storyboard; sourceTree = "<group>"; };
		D0E4D6651E05CC5C0047A495 /* Assets.xcassets */ = {isa = PBXFileReference; lastKnownFileType = folder.assetcatalog; path = Assets.xcassets; sourceTree = "<group>"; };
		D0E4D6681E05CC5C0047A495 /* Base */ = {isa = PBXFileReference; lastKnownFileType = file.storyboard; name = Base; path = Base.lproj/LaunchScreen.storyboard; sourceTree = "<group>"; };
		D0E4D66A1E05CC5C0047A495 /* Info.plist */ = {isa = PBXFileReference; lastKnownFileType = text.plist.xml; path = Info.plist; sourceTree = "<group>"; };
		D0E4D6701E05E7500047A495 /* Minecraft.ttf */ = {isa = PBXFileReference; lastKnownFileType = file; path = Minecraft.ttf; sourceTree = "<group>"; };
/* End PBXFileReference section */

/* Begin PBXFrameworksBuildPhase section */
		D0E4D6581E05CC5C0047A495 /* Frameworks */ = {
			isa = PBXFrameworksBuildPhase;
			buildActionMask = 2147483647;
			files = (
			);
			runOnlyForDeploymentPostprocessing = 0;
		};
/* End PBXFrameworksBuildPhase section */

/* Begin PBXGroup section */
		D0E4D6521E05CC5C0047A495 = {
			isa = PBXGroup;
			children = (
				D0E4D65D1E05CC5C0047A495 /* steampunkCalc */,
				D0E4D65C1E05CC5C0047A495 /* Products */,
			);
			sourceTree = "<group>";
		};
		D0E4D65C1E05CC5C0047A495 /* Products */ = {
			isa = PBXGroup;
			children = (
				D0E4D65B1E05CC5C0047A495 /* steampunkCalc.app */,
			);
			name = Products;
			sourceTree = "<group>";
		};
		D0E4D65D1E05CC5C0047A495 /* steampunkCalc */ = {
			isa = PBXGroup;
			children = (
				D026FF2E1E1BAE77001CFFE0 /* btn.wav */,
				D0E4D6701E05E7500047A495 /* Minecraft.ttf */,
				D0E4D65E1E05CC5C0047A495 /* AppDelegate.swift */,
				D0E4D6601E05CC5C0047A495 /* ViewController.swift */,
				D0E4D6621E05CC5C0047A495 /* Main.storyboard */,
				D0E4D6651E05CC5C0047A495 /* Assets.xcassets */,
				D0E4D6671E05CC5C0047A495 /* LaunchScreen.storyboard */,
				D0E4D66A1E05CC5C0047A495 /* Info.plist */,
			);
			name = steampunkCalc;
			path = "retro-calc";
			sourceTree = "<group>";
		};
/* End PBXGroup section */

/* Begin PBXNativeTarget section */
		D0E4D65A1E05CC5C0047A495 /* steampunkCalc */ = {
			isa = PBXNativeTarget;
			buildConfigurationList = D0E4D66D1E05CC5C0047A495 /* Build configuration list for PBXNativeTarget "steampunkCalc" */;
			buildPhases = (
				D0E4D6571E05CC5C0047A495 /* Sources */,
				D0E4D6581E05CC5C0047A495 /* Frameworks */,
				D0E4D6591E05CC5C0047A495 /* Resources */,
			);
			buildRules = (
			);
			dependencies = (
			);
			name = steampunkCalc;
			productName = "retro-calc";
			productReference = D0E4D65B1E05CC5C0047A495 /* steampunkCalc.app */;
			productType = "com.apple.product-type.application";
		};
/* End PBXNativeTarget section */

/* Begin PBXProject section */
		D0E4D6531E05CC5C0047A495 /* Project object */ = {
			isa = PBXProject;
			attributes = {
				LastSwiftUpdateCheck = 0730;
				LastUpgradeCheck = 0730;
				ORGANIZATIONNAME = "Peter Zaporowski";
				TargetAttributes = {
					D0E4D65A1E05CC5C0047A495 = {
						CreatedOnToolsVersion = 7.3.1;
					};
				};
			};
			buildConfigurationList = D0E4D6561E05CC5C0047A495 /* Build configuration list for PBXProject "steampunkCalc" */;
			compatibilityVersion = "Xcode 3.2";
			developmentRegion = English;
			hasScannedForEncodings = 0;
			knownRegions = (
				en,
				Base,
			);
			mainGroup = D0E4D6521E05CC5C0047A495;
			productRefGroup = D0E4D65C1E05CC5C0047A495 /* Products */;
			projectDirPath = "";
			projectRoot = "";
			targets = (
				D0E4D65A1E05CC5C0047A495 /* steampunkCalc */,
			);
		};
/* End PBXProject section */

/* Begin PBXResourcesBuildPhase section */
		D0E4D6591E05CC5C0047A495 /* Resources */ = {
			isa = PBXResourcesBuildPhase;
			buildActionMask = 2147483647;
			files = (
				D0E4D6691E05CC5C0047A495 /* LaunchScreen.storyboard in Resources */,
				D0E4D6661E05CC5C0047A495 /* Assets.xcassets in Resources */,
				D0E4D6641E05CC5C0047A495 /* Main.storyboard in Resources */,
				D026FF2F1E1BAE77001CFFE0 /* btn.wav in Resources */,
			);
			runOnlyForDeploymentPostprocessing = 0;
		};
/* End PBXResourcesBuildPhase section */

/* Begin PBXSourcesBuildPhase section */
		D0E4D6571E05CC5C0047A495 /* Sources */ = {
			isa = PBXSourcesBuildPhase;
			buildActionMask = 2147483647;
			files = (
				D0E4D6611E05CC5C0047A495 /* ViewController.swift in Sources */,
				D0E4D65F1E05CC5C0047A495 /* AppDelegate.swift in Sources */,
			);
			runOnlyForDeploymentPostprocessing = 0;
		};
/* End PBXSourcesBuildPhase section */

/* Begin PBXVariantGroup section */
		D0E4D6621E05CC5C0047A495 /* Main.storyboard */ = {
			isa = PBXVariantGroup;
			children = (
				D0E4D6631E05CC5C0047A495 /* Base */,
			);
			name = Main.storyboard;
			sourceTree = "<group>";
		};
		D0E4D6671E05CC5C0047A495 /* LaunchScreen.storyboard */ = {
			isa = PBXVariantGroup;
			children = (
				D0E4D6681E05CC5C0047A495 /* Base */,
			);
			name = LaunchScreen.storyboard;
			sourceTree = "<group>";
		};
/* End PBXVariantGroup section */

/* Begin XCBuildConfiguration section */
		D0E4D66B1E05CC5C0047A495 /* Debug */ = {
			isa = XCBuildConfiguration;
			buildSettings = {
				ALWAYS_SEARCH_USER_PATHS = NO;
				CLANG_ANALYZER_NONNULL = YES;
				CLANG_CXX_LANGUAGE_STANDARD = "gnu++0x";
				CLANG_CXX_LIBRARY = "libc++";
				CLANG_ENABLE_MODULES = YES;
				CLANG_ENABLE_OBJC_ARC = YES;
				CLANG_WARN_BOOL_CONVERSION = YES;
				CLANG_WARN_CONSTANT_CONVERSION = YES;
				CLANG_WARN_DIRECT_OBJC_ISA_USAGE = YES_ERROR;
				CLANG_WARN_EMPTY_BODY = YES;
				CLANG_WARN_ENUM_CONVERSION = YES;
				CLANG_WARN_INT_CONVERSION = YES;
				CLANG_WARN_OBJC_ROOT_CLASS = YES_ERROR;
				CLANG_WARN_UNREACHABLE_CODE = YES;
				CLANG_WARN__DUPLICATE_METHOD_MATCH = YES;
				"CODE_SIGN_IDENTITY[sdk=iphoneos*]" = "iPhone Developer";
				COPY_PHASE_STRIP = NO;
				DEBUG_INFORMATION_FORMAT = dwarf;
				ENABLE_STRICT_OBJC_MSGSEND = YES;
				ENABLE_TESTABILITY = YES;
				GCC_C_LANGUAGE_STANDARD = gnu99;
				GCC_DYNAMIC_NO_PIC = NO;
				GCC_NO_COMMON_BLOCKS = YES;
				GCC_OPTIMIZATION_LEVEL = 0;
				GCC_PREPROCESSOR_DEFINITIONS = (
					"DEBUG=1",
					"$(inherited)",
				);
				GCC_WARN_64_TO_32_BIT_CONVERSION = YES;
				GCC_WARN_ABOUT_RETURN_TYPE = YES_ERROR;
				GCC_WARN_UNDECLARED_SELECTOR = YES;
				GCC_WARN_UNINITIALIZED_AUTOS = YES_AGGRESSIVE;
				GCC_WARN_UNUSED_FUNCTION = YES;
				GCC_WARN_UNUSED_VARIABLE = YES;
				IPHONEOS_DEPLOYMENT_TARGET = 9.3;
				MTL_ENABLE_DEBUG_INFO = YES;
				ONLY_ACTIVE_ARCH = YES;
				SDKROOT = iphoneos;
				SWIFT_OPTIMIZATION_LEVEL = "-Onone";
			};
			name = Debug;
		};
		D0E4D66C1E05CC5C0047A495 /* Release */ = {
			isa = XCBuildConfiguration;
			buildSettings = {
				ALWAYS_SEARCH_USER_PATHS = NO;
				CLANG_ANALYZER_NONNULL = YES;
				CLANG_CXX_LANGUAGE_STANDARD = "gnu++0x";
				CLANG_CXX_LIBRARY = "libc++";
				CLANG_ENABLE_MODULES = YES;
				CLANG_ENABLE_OBJC_ARC = YES;
				CLANG_WARN_BOOL_CONVERSION = YES;
				CLANG_WARN_CONSTANT_CONVERSION = YES;
				CLANG_WARN_DIRECT_OBJC_ISA_USAGE = YES_ERROR;
				CLANG_WARN_EMPTY_BODY = YES;
				CLANG_WARN_ENUM_CONVERSION = YES;
				CLANG_WARN_INT_CONVERSION = YES;
				CLANG_WARN_OBJC_ROOT_CLASS = YES_ERROR;
				CLANG_WARN_UNREACHABLE_CODE = YES;
				CLANG_WARN__DUPLICATE_METHOD_MATCH = YES;
				"CODE_SIGN_IDENTITY[sdk=iphoneos*]" = "iPhone Developer";
				COPY_PHASE_STRIP = NO;
				DEBUG_INFORMATION_FORMAT = "dwarf-with-dsym";
				ENABLE_NS_ASSERTIONS = NO;
				ENABLE_STRICT_OBJC_MSGSEND = YES;
				GCC_C_LANGUAGE_STANDARD = gnu99;
				GCC_NO_COMMON_BLOCKS = YES;
				GCC_WARN_64_TO_32_BIT_CONVERSION = YES;
				GCC_WARN_ABOUT_RETURN_TYPE = YES_ERROR;
				GCC_WARN_UNDECLARED_SELECTOR = YES;
				GCC_WARN_UNINITIALIZED_AUTOS = YES_AGGRESSIVE;
				GCC_WARN_UNUSED_FUNCTION = YES;
				GCC_WARN_UNUSED_VARIABLE = YES;
				IPHONEOS_DEPLOYMENT_TARGET = 9.3;
				MTL_ENABLE_DEBUG_INFO = NO;
				SDKROOT = iphoneos;
				VALIDATE_PRODUCT = YES;
			};
			name = Release;
		};
		D0E4D66E1E05CC5C0047A495 /* Debug */ = {
			isa = XCBuildConfiguration;
			buildSettings = {
				ASSETCATALOG_COMPILER_APPICON_NAME = AppIcon;
				INFOPLIST_FILE = "retro-calc/Info.plist";
				LD_RUNPATH_SEARCH_PATHS = "$(inherited) @executable_path/Frameworks";
				PRODUCT_BUNDLE_IDENTIFIER = "com.peterzig.steampunk-calc";
				PRODUCT_NAME = steampunkCalc;
			};
			name = Debug;
		};
		D0E4D66F1E05CC5C0047A495 /* Release */ = {
			isa = XCBuildConfiguration;
			buildSettings = {
				ASSETCATALOG_COMPILER_APPICON_NAME = AppIcon;
				INFOPLIST_FILE = "retro-calc/Info.plist";
				LD_RUNPATH_SEARCH_PATHS = "$(inherited) @executable_path/Frameworks";
				PRODUCT_BUNDLE_IDENTIFIER = "com.peterzig.steampunk-calc";
				PRODUCT_NAME = steampunkCalc;
			};
			name = Release;
		};
/* End XCBuildConfiguration section */

/* Begin XCConfigurationList section */
		D0E4D6561E05CC5C0047A495 /* Build configuration list for PBXProject "steampunkCalc" */ = {
			isa = XCConfigurationList;
			buildConfigurations = (
				D0E4D66B1E05CC5C0047A495 /* Debug */,
				D0E4D66C1E05CC5C0047A495 /* Release */,
			);
			defaultConfigurationIsVisible = 0;
			defaultConfigurationName = Release;
		};
		D0E4D66D1E05CC5C0047A495 /* Build configuration list for PBXNativeTarget "steampunkCalc" */ = {
			isa = XCConfigurationList;
			buildConfigurations = (
				D0E4D66E1E05CC5C0047A495 /* Debug */,
				D0E4D66F1E05CC5C0047A495 /* Release */,
			);
			defaultConfigurationIsVisible = 0;
			defaultConfigurationName = Release;
		};
/* End XCConfigurationList section */
	};
	rootObject = D0E4D6531E05CC5C0047A495 /* Project object */;
}
